
Microsoft Visual Studio Solution File, Format Version 12.00
# Visual Studio 15
VisualStudioVersion = 15.0.26730.10
MinimumVisualStudioVersion = 10.0.40219.1
Project("{FAE04EC0-301F-11D3-BF4B-00C04F79EFBC}") = "EqualizeTimestamps", "EqualizeTimestamps\EqualizeTimestamps.csproj", "{758660DF-5A53-4F23-BD4C-E32FCF825C60}"
EndProject
Global
	GlobalSection(SolutionConfigurationPlatforms) = preSolution
		Debug|Any CPU = Debug|Any CPU
		Release|Any CPU = Release|Any CPU
	EndGlobalSection
	GlobalSection(ProjectConfigurationPlatforms) = postSolution
		{758660DF-5A53-4F23-BD4C-E32FCF825C60}.Debug|Any CPU.ActiveCfg = Debug|Any CPU
		{758660DF-5A53-4F23-BD4C-E32FCF825C60}.Debug|Any CPU.Build.0 = Debug|Any CPU
		{758660DF-5A53-4F23-BD4C-E32FCF825C60}.Release|Any CPU.ActiveCfg = Release|Any CPU
		{758660DF-5A53-4F23-BD4C-E32FCF825C60}.Release|Any CPU.Build.0 = Release|Any CPU
	EndGlobalSection
	GlobalSection(SolutionProperties) = preSolution
		HideSolutionNode = FALSE
	EndGlobalSection
	GlobalSection(ExtensibilityGlobals) = postSolution
		SolutionGuid = {870D1375-9425-4DC5-AEC8-D7DF50B61BE7}
	EndGlobalSection
EndGlobal
